// !$*UTF8*$!
{
	archiveVersion = 1;
	classes = {
	};
	objectVersion = 46;
	objects = {

/* Begin PBXBuildFile section */
		496D5ACC1C2A9E12003E2AF0 /* main.m in Sources */ = {isa = PBXBuildFile; fileRef = 496D5ACB1C2A9E12003E2AF0 /* main.m */; };
		496D5ACF1C2A9E12003E2AF0 /* AppDelegate.m in Sources */ = {isa = PBXBuildFile; fileRef = 496D5ACE1C2A9E12003E2AF0 /* AppDelegate.m */; };
		496D5AD21C2A9E12003E2AF0 /* ViewController.m in Sources */ = {isa = PBXBuildFile; fileRef = 496D5AD11C2A9E12003E2AF0 /* ViewController.m */; };
		496D5AD51C2A9E12003E2AF0 /* Main.storyboard in Resources */ = {isa = PBXBuildFile; fileRef = 496D5AD31C2A9E12003E2AF0 /* Main.storyboard */; };
		496D5AD71C2A9E12003E2AF0 /* Assets.xcassets in Resources */ = {isa = PBXBuildFile; fileRef = 496D5AD61C2A9E12003E2AF0 /* Assets.xcassets */; };
		496D5ADA1C2A9E12003E2AF0 /* LaunchScreen.storyboard in Resources */ = {isa = PBXBuildFile; fileRef = 496D5AD81C2A9E12003E2AF0 /* LaunchScreen.storyboard */; };
		496D5AE51C2A9E12003E2AF0 /* UI09_homeworkTests.m in Sources */ = {isa = PBXBuildFile; fileRef = 496D5AE41C2A9E12003E2AF0 /* UI09_homeworkTests.m */; };
		496D5AF01C2A9E12003E2AF0 /* UI09_homeworkUITests.m in Sources */ = {isa = PBXBuildFile; fileRef = 496D5AEF1C2A9E12003E2AF0 /* UI09_homeworkUITests.m */; };
		496D5AFF1C2AA2C7003E2AF0 /* SecendViewController.m in Sources */ = {isa = PBXBuildFile; fileRef = 496D5AFE1C2AA2C7003E2AF0 /* SecendViewController.m */; };
/* End PBXBuildFile section */

/* Begin PBXContainerItemProxy section */
		496D5AE11C2A9E12003E2AF0 /* PBXContainerItemProxy */ = {
			isa = PBXContainerItemProxy;
			containerPortal = 496D5ABF1C2A9E12003E2AF0 /* Project object */;
			proxyType = 1;
			remoteGlobalIDString = 496D5AC61C2A9E12003E2AF0;
			remoteInfo = UI09_homework;
		};
		496D5AEC1C2A9E12003E2AF0 /* PBXContainerItemProxy */ = {
			isa = PBXContainerItemProxy;
			containerPortal = 496D5ABF1C2A9E12003E2AF0 /* Project object */;
			proxyType = 1;
			remoteGlobalIDString = 496D5AC61C2A9E12003E2AF0;
			remoteInfo = UI09_homework;
		};
/* End PBXContainerItemProxy section */

/* Begin PBXFileReference section */
		496D5AC71C2A9E12003E2AF0 /* UI09_homework.app */ = {isa = PBXFileReference; explicitFileType = wrapper.application; includeInIndex = 0; path = UI09_homework.app; sourceTree = BUILT_PRODUCTS_DIR; };
		496D5ACB1C2A9E12003E2AF0 /* main.m */ = {isa = PBXFileReference; lastKnownFileType = sourcecode.c.objc; path = main.m; sourceTree = "<group>"; };
		496D5ACD1C2A9E12003E2AF0 /* AppDelegate.h */ = {isa = PBXFileReference; lastKnownFileType = sourcecode.c.h; path = AppDelegate.h; sourceTree = "<group>"; };
		496D5ACE1C2A9E12003E2AF0 /* AppDelegate.m */ = {isa = PBXFileReference; lastKnownFileType = sourcecode.c.objc; path = AppDelegate.m; sourceTree = "<group>"; };
		496D5AD01C2A9E12003E2AF0 /* ViewController.h */ = {isa = PBXFileReference; lastKnownFileType = sourcecode.c.h; path = ViewController.h; sourceTree = "<group>"; };
		496D5AD11C2A9E12003E2AF0 /* ViewController.m */ = {isa = PBXFileReference; lastKnownFileType = sourcecode.c.objc; path = ViewController.m; sourceTree = "<group>"; };
		496D5AD41C2A9E12003E2AF0 /* Base */ = {isa = PBXFileReference; lastKnownFileType = file.storyboard; name = Base; path = Base.lproj/Main.storyboard; sourceTree = "<group>"; };
		496D5AD61C2A9E12003E2AF0 /* Assets.xcassets */ = {isa = PBXFileReference; lastKnownFileType = folder.assetcatalog; path = Assets.xcassets; sourceTree = "<group>"; };
		496D5AD91C2A9E12003E2AF0 /* Base */ = {isa = PBXFileReference; lastKnownFileType = file.storyboard; name = Base; path = Base.lproj/LaunchScreen.storyboard; sourceTree = "<group>"; };
		496D5ADB1C2A9E12003E2AF0 /* Info.plist */ = {isa = PBXFileReference; lastKnownFileType = text.plist.xml; path = Info.plist; sourceTree = "<group>"; };
		496D5AE01C2A9E12003E2AF0 /* UI09_homeworkTests.xctest */ = {isa = PBXFileReference; explicitFileType = wrapper.cfbundle; includeInIndex = 0; path = UI09_homeworkTests.xctest; sourceTree = BUILT_PRODUCTS_DIR; };
		496D5AE41C2A9E12003E2AF0 /* UI09_homeworkTests.m */ = {isa = PBXFileReference; lastKnownFileType = sourcecode.c.objc; path = UI09_homeworkTests.m; sourceTree = "<group>"; };
		496D5AE61C2A9E12003E2AF0 /* Info.plist */ = {isa = PBXFileReference; lastKnownFileType = text.plist.xml; path = Info.plist; sourceTree = "<group>"; };
		496D5AEB1C2A9E12003E2AF0 /* UI09_homeworkUITests.xctest */ = {isa = PBXFileReference; explicitFileType = wrapper.cfbundle; includeInIndex = 0; path = UI09_homeworkUITests.xctest; sourceTree = BUILT_PRODUCTS_DIR; };
		496D5AEF1C2A9E12003E2AF0 /* UI09_homeworkUITests.m */ = {isa = PBXFileReference; lastKnownFileType = sourcecode.c.objc; path = UI09_homeworkUITests.m; sourceTree = "<group>"; };
		496D5AF11C2A9E12003E2AF0 /* Info.plist */ = {isa = PBXFileReference; lastKnownFileType = text.plist.xml; path = Info.plist; sourceTree = "<group>"; };
		496D5AFD1C2AA2C7003E2AF0 /* SecendViewController.h */ = {isa = PBXFileReference; fileEncoding = 4; lastKnownFileType = sourcecode.c.h; path = SecendViewController.h; sourceTree = "<group>"; };
		496D5AFE1C2AA2C7003E2AF0 /* SecendViewController.m */ = {isa = PBXFileReference; fileEncoding = 4; lastKnownFileType = sourcecode.c.objc; path = SecendViewController.m; sourceTree = "<group>"; };
/* End PBXFileReference section */

/* Begin PBXFrameworksBuildPhase section */
		496D5AC41C2A9E12003E2AF0 /* Frameworks */ = {
			isa = PBXFrameworksBuildPhase;
			buildActionMask = 2147483647;
			files = (
			);
			runOnlyForDeploymentPostprocessing = 0;
		};
		496D5ADD1C2A9E12003E2AF0 /* Frameworks */ = {
			isa = PBXFrameworksBuildPhase;
			buildActionMask = 2147483647;
			files = (
			);
			runOnlyForDeploymentPostprocessing = 0;
		};
		496D5AE81C2A9E12003E2AF0 /* Frameworks */ = {
			isa = PBXFrameworksBuildPhase;
			buildActionMask = 2147483647;
			files = (
			);
			runOnlyForDeploymentPostprocessing = 0;
		};
/* End PBXFrameworksBuildPhase section */

/* Begin PBXGroup section */
		496D5ABE1C2A9E12003E2AF0 = {
			isa = PBXGroup;
			children = (
				496D5AC91C2A9E12003E2AF0 /* UI09_homework */,
				496D5AE31C2A9E12003E2AF0 /* UI09_homeworkTests */,
				496D5AEE1C2A9E12003E2AF0 /* UI09_homeworkUITests */,
				496D5AC81C2A9E12003E2AF0 /* Products */,
			);
			sourceTree = "<group>";
		};
		496D5AC81C2A9E12003E2AF0 /* Products */ = {
			isa = PBXGroup;
			children = (
				496D5AC71C2A9E12003E2AF0 /* UI09_homework.app */,
				496D5AE01C2A9E12003E2AF0 /* UI09_homeworkTests.xctest */,
				496D5AEB1C2A9E12003E2AF0 /* UI09_homeworkUITests.xctest */,
			);
			name = Products;
			sourceTree = "<group>";
		};
		496D5AC91C2A9E12003E2AF0 /* UI09_homework */ = {
			isa = PBXGroup;
			children = (
				496D5ACD1C2A9E12003E2AF0 /* AppDelegate.h */,
				496D5ACE1C2A9E12003E2AF0 /* AppDelegate.m */,
				496D5B021C2AA307003E2AF0 /* Page1 */,
				496D5B031C2AA311003E2AF0 /* Page2 */,
				496D5AD31C2A9E12003E2AF0 /* Main.storyboard */,
				496D5AD61C2A9E12003E2AF0 /* Assets.xcassets */,
				496D5AD81C2A9E12003E2AF0 /* LaunchScreen.storyboard */,
				496D5ADB1C2A9E12003E2AF0 /* Info.plist */,
				496D5ACA1C2A9E12003E2AF0 /* Supporting Files */,
			);
			path = UI09_homework;
			sourceTree = "<group>";
		};
		496D5ACA1C2A9E12003E2AF0 /* Supporting Files */ = {
			isa = PBXGroup;
			children = (
				496D5ACB1C2A9E12003E2AF0 /* main.m */,
			);
			name = "Supporting Files";
			sourceTree = "<group>";
		};
		496D5AE31C2A9E12003E2AF0 /* UI09_homeworkTests */ = {
			isa = PBXGroup;
			children = (
				496D5AE41C2A9E12003E2AF0 /* UI09_homeworkTests.m */,
				496D5AE61C2A9E12003E2AF0 /* Info.plist */,
			);
			path = UI09_homeworkTests;
			sourceTree = "<group>";
		};
		496D5AEE1C2A9E12003E2AF0 /* UI09_homeworkUITests */ = {
			isa = PBXGroup;
			children = (
				496D5AEF1C2A9E12003E2AF0 /* UI09_homeworkUITests.m */,
				496D5AF11C2A9E12003E2AF0 /* Info.plist */,
			);
			path = UI09_homeworkUITests;
			sourceTree = "<group>";
		};
		496D5B001C2AA2D5003E2AF0 /* Controller */ = {
			isa = PBXGroup;
			children = (
				496D5AFD1C2AA2C7003E2AF0 /* SecendViewController.h */,
				496D5AFE1C2AA2C7003E2AF0 /* SecendViewController.m */,
			);
			name = Controller;
			sourceTree = "<group>";
		};
		496D5B011C2AA2F6003E2AF0 /* Controller */ = {
			isa = PBXGroup;
			children = (
				496D5AD01C2A9E12003E2AF0 /* ViewController.h */,
				496D5AD11C2A9E12003E2AF0 /* ViewController.m */,
			);
			name = Controller;
			sourceTree = "<group>";
		};
		496D5B021C2AA307003E2AF0 /* Page1 */ = {
			isa = PBXGroup;
			children = (
				496D5B011C2AA2F6003E2AF0 /* Controller */,
			);
			name = Page1;
			sourceTree = "<group>";
		};
		496D5B031C2AA311003E2AF0 /* Page2 */ = {
			isa = PBXGroup;
			children = (
				496D5B001C2AA2D5003E2AF0 /* Controller */,
			);
			name = Page2;
			sourceTree = "<group>";
		};
/* End PBXGroup section */

/* Begin PBXNativeTarget section */
		496D5AC61C2A9E12003E2AF0 /* UI09_homework */ = {
			isa = PBXNativeTarget;
			buildConfigurationList = 496D5AF41C2A9E12003E2AF0 /* Build configuration list for PBXNativeTarget "UI09_homework" */;
			buildPhases = (
				496D5AC31C2A9E12003E2AF0 /* Sources */,
				496D5AC41C2A9E12003E2AF0 /* Frameworks */,
				496D5AC51C2A9E12003E2AF0 /* Resources */,
			);
			buildRules = (
			);
			dependencies = (
			);
			name = UI09_homework;
			productName = UI09_homework;
			productReference = 496D5AC71C2A9E12003E2AF0 /* UI09_homework.app */;
			productType = "com.apple.product-type.application";
		};
		496D5ADF1C2A9E12003E2AF0 /* UI09_homeworkTests */ = {
			isa = PBXNativeTarget;
			buildConfigurationList = 496D5AF71C2A9E12003E2AF0 /* Build configuration list for PBXNativeTarget "UI09_homeworkTests" */;
			buildPhases = (
				496D5ADC1C2A9E12003E2AF0 /* Sources */,
				496D5ADD1C2A9E12003E2AF0 /* Frameworks */,
				496D5ADE1C2A9E12003E2AF0 /* Resources */,
			);
			buildRules = (
			);
			dependencies = (
				496D5AE21C2A9E12003E2AF0 /* PBXTargetDependency */,
			);
			name = UI09_homeworkTests;
			productName = UI09_homeworkTests;
			productReference = 496D5AE01C2A9E12003E2AF0 /* UI09_homeworkTests.xctest */;
			productType = "com.apple.product-type.bundle.unit-test";
		};
		496D5AEA1C2A9E12003E2AF0 /* UI09_homeworkUITests */ = {
			isa = PBXNativeTarget;
			buildConfigurationList = 496D5AFA1C2A9E12003E2AF0 /* Build configuration list for PBXNativeTarget "UI09_homeworkUITests" */;
			buildPhases = (
				496D5AE71C2A9E12003E2AF0 /* Sources */,
				496D5AE81C2A9E12003E2AF0 /* Frameworks */,
				496D5AE91C2A9E12003E2AF0 /* Resources */,
			);
			buildRules = (
			);
			dependencies = (
				496D5AED1C2A9E12003E2AF0 /* PBXTargetDependency */,
			);
			name = UI09_homeworkUITests;
			productName = UI09_homeworkUITests;
			productReference = 496D5AEB1C2A9E12003E2AF0 /* UI09_homeworkUITests.xctest */;
			productType = "com.apple.product-type.bundle.ui-testing";
		};
/* End PBXNativeTarget section */

/* Begin PBXProject section */
		496D5ABF1C2A9E12003E2AF0 /* Project object */ = {
			isa = PBXProject;
			attributes = {
				LastUpgradeCheck = 0710;
				ORGANIZATIONNAME = lanou.com;
				TargetAttributes = {
					496D5AC61C2A9E12003E2AF0 = {
						CreatedOnToolsVersion = 7.1;
					};
					496D5ADF1C2A9E12003E2AF0 = {
						CreatedOnToolsVersion = 7.1;
						TestTargetID = 496D5AC61C2A9E12003E2AF0;
					};
					496D5AEA1C2A9E12003E2AF0 = {
						CreatedOnToolsVersion = 7.1;
						TestTargetID = 496D5AC61C2A9E12003E2AF0;
					};
				};
			};
			buildConfigurationList = 496D5AC21C2A9E12003E2AF0 /* Build configuration list for PBXProject "UI09_homework" */;
			compatibilityVersion = "Xcode 3.2";
			developmentRegion = English;
			hasScannedForEncodings = 0;
			knownRegions = (
				en,
				Base,
			);
			mainGroup = 496D5ABE1C2A9E12003E2AF0;
			productRefGroup = 496D5AC81C2A9E12003E2AF0 /* Products */;
			projectDirPath = "";
			projectRoot = "";
			targets = (
				496D5AC61C2A9E12003E2AF0 /* UI09_homework */,
				496D5ADF1C2A9E12003E2AF0 /* UI09_homeworkTests */,
				496D5AEA1C2A9E12003E2AF0 /* UI09_homeworkUITests */,
			);
		};
/* End PBXProject section */

/* Begin PBXResourcesBuildPhase section */
		496D5AC51C2A9E12003E2AF0 /* Resources */ = {
			isa = PBXResourcesBuildPhase;
			buildActionMask = 2147483647;
			files = (
				496D5ADA1C2A9E12003E2AF0 /* LaunchScreen.storyboard in Resources */,
				496D5AD71C2A9E12003E2AF0 /* Assets.xcassets in Resources */,
				496D5AD51C2A9E12003E2AF0 /* Main.storyboard in Resources */,
			);
			runOnlyForDeploymentPostprocessing = 0;
		};
		496D5ADE1C2A9E12003E2AF0 /* Resources */ = {
			isa = PBXResourcesBuildPhase;
			buildActionMask = 2147483647;
			files = (
			);
			runOnlyForDeploymentPostprocessing = 0;
		};
		496D5AE91C2A9E12003E2AF0 /* Resources */ = {
			isa = PBXResourcesBuildPhase;
			buildActionMask = 2147483647;
			files = (
			);
			runOnlyForDeploymentPostprocessing = 0;
		};
/* End PBXResourcesBuildPhase section */

/* Begin PBXSourcesBuildPhase section */
		496D5AC31C2A9E12003E2AF0 /* Sources */ = {
			isa = PBXSourcesBuildPhase;
			buildActionMask = 2147483647;
			files = (
				496D5AD21C2A9E12003E2AF0 /* ViewController.m in Sources */,
				496D5ACF1C2A9E12003E2AF0 /* AppDelegate.m in Sources */,
				496D5AFF1C2AA2C7003E2AF0 /* SecendViewController.m in Sources */,
				496D5ACC1C2A9E12003E2AF0 /* main.m in Sources */,
			);
			runOnlyForDeploymentPostprocessing = 0;
		};
		496D5ADC1C2A9E12003E2AF0 /* Sources */ = {
			isa = PBXSourcesBuildPhase;
			buildActionMask = 2147483647;
			files = (
				496D5AE51C2A9E12003E2AF0 /* UI09_homeworkTests.m in Sources */,
			);
			runOnlyForDeploymentPostprocessing = 0;
		};
		496D5AE71C2A9E12003E2AF0 /* Sources */ = {
			isa = PBXSourcesBuildPhase;
			buildActionMask = 2147483647;
			files = (
				496D5AF01C2A9E12003E2AF0 /* UI09_homeworkUITests.m in Sources */,
			);
			runOnlyForDeploymentPostprocessing = 0;
		};
/* End PBXSourcesBuildPhase section */

/* Begin PBXTargetDependency section */
		496D5AE21C2A9E12003E2AF0 /* PBXTargetDependency */ = {
			isa = PBXTargetDependency;
			target = 496D5AC61C2A9E12003E2AF0 /* UI09_homework */;
			targetProxy = 496D5AE11C2A9E12003E2AF0 /* PBXContainerItemProxy */;
		};
		496D5AED1C2A9E12003E2AF0 /* PBXTargetDependency */ = {
			isa = PBXTargetDependency;
			target = 496D5AC61C2A9E12003E2AF0 /* UI09_homework */;
			targetProxy = 496D5AEC1C2A9E12003E2AF0 /* PBXContainerItemProxy */;
		};
/* End PBXTargetDependency section */

/* Begin PBXVariantGroup section */
		496D5AD31C2A9E12003E2AF0 /* Main.storyboard */ = {
			isa = PBXVariantGroup;
			children = (
				496D5AD41C2A9E12003E2AF0 /* Base */,
			);
			name = Main.storyboard;
			sourceTree = "<group>";
		};
		496D5AD81C2A9E12003E2AF0 /* LaunchScreen.storyboard */ = {
			isa = PBXVariantGroup;
			children = (
				496D5AD91C2A9E12003E2AF0 /* Base */,
			);
			name = LaunchScreen.storyboard;
			sourceTree = "<group>";
		};
/* End PBXVariantGroup section */

/* Begin XCBuildConfiguration section */
		496D5AF21C2A9E12003E2AF0 /* Debug */ = {
			isa = XCBuildConfiguration;
			buildSettings = {
				ALWAYS_SEARCH_USER_PATHS = NO;
				CLANG_CXX_LANGUAGE_STANDARD = "gnu++0x";
				CLANG_CXX_LIBRARY = "libc++";
				CLANG_ENABLE_MODULES = YES;
				CLANG_ENABLE_OBJC_ARC = YES;
				CLANG_WARN_BOOL_CONVERSION = YES;
				CLANG_WARN_CONSTANT_CONVERSION = YES;
				CLANG_WARN_DIRECT_OBJC_ISA_USAGE = YES_ERROR;
				CLANG_WARN_EMPTY_BODY = YES;
				CLANG_WARN_ENUM_CONVERSION = YES;
				CLANG_WARN_INT_CONVERSION = YES;
				CLANG_WARN_OBJC_ROOT_CLASS = YES_ERROR;
				CLANG_WARN_UNREACHABLE_CODE = YES;
				CLANG_WARN__DUPLICATE_METHOD_MATCH = YES;
				"CODE_SIGN_IDENTITY[sdk=iphoneos*]" = "iPhone Developer";
				COPY_PHASE_STRIP = NO;
				DEBUG_INFORMATION_FORMAT = dwarf;
				ENABLE_STRICT_OBJC_MSGSEND = YES;
				ENABLE_TESTABILITY = YES;
				GCC_C_LANGUAGE_STANDARD = gnu99;
				GCC_DYNAMIC_NO_PIC = NO;
				GCC_NO_COMMON_BLOCKS = YES;
				GCC_OPTIMIZATION_LEVEL = 0;
				GCC_PREPROCESSOR_DEFINITIONS = (
					"DEBUG=1",
					"$(inherited)",
				);
				GCC_WARN_64_TO_32_BIT_CONVERSION = YES;
				GCC_WARN_ABOUT_RETURN_TYPE = YES_ERROR;
				GCC_WARN_UNDECLARED_SELECTOR = YES;
				GCC_WARN_UNINITIALIZED_AUTOS = YES_AGGRESSIVE;
				GCC_WARN_UNUSED_FUNCTION = YES;
				GCC_WARN_UNUSED_VARIABLE = YES;
				IPHONEOS_DEPLOYMENT_TARGET = 9.1;
				MTL_ENABLE_DEBUG_INFO = YES;
				ONLY_ACTIVE_ARCH = YES;
				SDKROOT = iphoneos;
			};
			name = Debug;
		};
		496D5AF31C2A9E12003E2AF0 /* Release */ = {
			isa = XCBuildConfiguration;
			buildSettings = {
				ALWAYS_SEARCH_USER_PATHS = NO;
				CLANG_CXX_LANGUAGE_STANDARD = "gnu++0x";
				CLANG_CXX_LIBRARY = "libc++";
				CLANG_ENABLE_MODULES = YES;
				CLANG_ENABLE_OBJC_ARC = YES;
				CLANG_WARN_BOOL_CONVERSION = YES;
				CLANG_WARN_CONSTANT_CONVERSION = YES;
				CLANG_WARN_DIRECT_OBJC_ISA_USAGE = YES_ERROR;
				CLANG_WARN_EMPTY_BODY = YES;
				CLANG_WARN_ENUM_CONVERSION = YES;
				CLANG_WARN_INT_CONVERSION = YES;
				CLANG_WARN_OBJC_ROOT_CLASS = YES_ERROR;
				CLANG_WARN_UNREACHABLE_CODE = YES;
				CLANG_WARN__DUPLICATE_METHOD_MATCH = YES;
				"CODE_SIGN_IDENTITY[sdk=iphoneos*]" = "iPhone Developer";
				COPY_PHASE_STRIP = NO;
				DEBUG_INFORMATION_FORMAT = "dwarf-with-dsym";
				ENABLE_NS_ASSERTIONS = NO;
				ENABLE_STRICT_OBJC_MSGSEND = YES;
				GCC_C_LANGUAGE_STANDARD = gnu99;
				GCC_NO_COMMON_BLOCKS = YES;
				GCC_WARN_64_TO_32_BIT_CONVERSION = YES;
				GCC_WARN_ABOUT_RETURN_TYPE = YES_ERROR;
				GCC_WARN_UNDECLARED_SELECTOR = YES;
				GCC_WARN_UNINITIALIZED_AUTOS = YES_AGGRESSIVE;
				GCC_WARN_UNUSED_FUNCTION = YES;
				GCC_WARN_UNUSED_VARIABLE = YES;
				IPHONEOS_DEPLOYMENT_TARGET = 9.1;
				MTL_ENABLE_DEBUG_INFO = NO;
				SDKROOT = iphoneos;
				VALIDATE_PRODUCT = YES;
			};
			name = Release;
		};
		496D5AF51C2A9E12003E2AF0 /* Debug */ = {
			isa = XCBuildConfiguration;
			buildSettings = {
				ASSETCATALOG_COMPILER_APPICON_NAME = AppIcon;
				CLANG_ENABLE_OBJC_ARC = NO;
				INFOPLIST_FILE = UI09_homework/Info.plist;
				LD_RUNPATH_SEARCH_PATHS = "$(inherited) @executable_path/Frameworks";
				PRODUCT_BUNDLE_IDENTIFIER = "com.lanou.UI09-homework";
				PRODUCT_NAME = "$(TARGET_NAME)";
			};
			name = Debug;
		};
		496D5AF61C2A9E12003E2AF0 /* Release */ = {
			isa = XCBuildConfiguration;
			buildSettings = {
				ASSETCATALOG_COMPILER_APPICON_NAME = AppIcon;
				CLANG_ENABLE_OBJC_ARC = NO;
				INFOPLIST_FILE = UI09_homework/Info.plist;
				LD_RUNPATH_SEARCH_PATHS = "$(inherited) @executable_path/Frameworks";
				PRODUCT_BUNDLE_IDENTIFIER = "com.lanou.UI09-homework";
				PRODUCT_NAME = "$(TARGET_NAME)";
			};
			name = Release;
		};
		496D5AF81C2A9E12003E2AF0 /* Debug */ = {
			isa = XCBuildConfiguration;
			buildSettings = {
				BUNDLE_LOADER = "$(TEST_HOST)";
				INFOPLIST_FILE = UI09_homeworkTests/Info.plist;
				LD_RUNPATH_SEARCH_PATHS = "$(inherited) @executable_path/Frameworks @loader_path/Frameworks";
				PRODUCT_BUNDLE_IDENTIFIER = "com.lanou.UI09-homeworkTests";
				PRODUCT_NAME = "$(TARGET_NAME)";
				TEST_HOST = "$(BUILT_PRODUCTS_DIR)/UI09_homework.app/UI09_homework";
			};
			name = Debug;
		};
		496D5AF91C2A9E12003E2AF0 /* Release */ = {
			isa = XCBuildConfiguration;
			buildSettings = {
				BUNDLE_LOADER = "$(TEST_HOST)";
				INFOPLIST_FILE = UI09_homeworkTests/Info.plist;
				LD_RUNPATH_SEARCH_PATHS = "$(inherited) @executable_path/Frameworks @loader_path/Frameworks";
				PRODUCT_BUNDLE_IDENTIFIER = "com.lanou.UI09-homeworkTests";
				PRODUCT_NAME = "$(TARGET_NAME)";
				TEST_HOST = "$(BUILT_PRODUCTS_DIR)/UI09_homework.app/UI09_homework";
			};
			name = Release;
		};
		496D5AFB1C2A9E12003E2AF0 /* Debug */ = {
			isa = XCBuildConfiguration;
			buildSettings = {
				INFOPLIST_FILE = UI09_homeworkUITests/Info.plist;
				LD_RUNPATH_SEARCH_PATHS = "$(inherited) @executable_path/Frameworks @loader_path/Frameworks";
				PRODUCT_BUNDLE_IDENTIFIER = "com.lanou.UI09-homeworkUITests";
				PRODUCT_NAME = "$(TARGET_NAME)";
				TEST_TARGET_NAME = UI09_homework;
				USES_XCTRUNNER = YES;
			};
			name = Debug;
		};
		496D5AFC1C2A9E12003E2AF0 /* Release */ = {
			isa = XCBuildConfiguration;
			buildSettings = {
				INFOPLIST_FILE = UI09_homeworkUITests/Info.plist;
				LD_RUNPATH_SEARCH_PATHS = "$(inherited) @executable_path/Frameworks @loader_path/Frameworks";
				PRODUCT_BUNDLE_IDENTIFIER = "com.lanou.UI09-homeworkUITests";
				PRODUCT_NAME = "$(TARGET_NAME)";
				TEST_TARGET_NAME = UI09_homework;
				USES_XCTRUNNER = YES;
			};
			name = Release;
		};
/* End XCBuildConfiguration section */

/* Begin XCConfigurationList section */
		496D5AC21C2A9E12003E2AF0 /* Build configuration list for PBXProject "UI09_homework" */ = {
			isa = XCConfigurationList;
			buildConfigurations = (
				496D5AF21C2A9E12003E2AF0 /* Debug */,
				496D5AF31C2A9E12003E2AF0 /* Release */,
			);
			defaultConfigurationIsVisible = 0;
			defaultConfigurationName = Release;
		};
		496D5AF41C2A9E12003E2AF0 /* Build configuration list for PBXNativeTarget "UI09_homework" */ = {
			isa = XCConfigurationList;
			buildConfigurations = (
				496D5AF51C2A9E12003E2AF0 /* Debug */,
				496D5AF61C2A9E12003E2AF0 /* Release */,
			);
			defaultConfigurationIsVisible = 0;
		};
		496D5AF71C2A9E12003E2AF0 /* Build configuration list for PBXNativeTarget "UI09_homeworkTests" */ = {
			isa = XCConfigurationList;
			buildConfigurations = (
				496D5AF81C2A9E12003E2AF0 /* Debug */,
				496D5AF91C2A9E12003E2AF0 /* Release */,
			);
			defaultConfigurationIsVisible = 0;
		};
		496D5AFA1C2A9E12003E2AF0 /* Build configuration list for PBXNativeTarget "UI09_homeworkUITests" */ = {
			isa = XCConfigurationList;
			buildConfigurations = (
				496D5AFB1C2A9E12003E2AF0 /* Debug */,
				496D5AFC1C2A9E12003E2AF0 /* Release */,
			);
			defaultConfigurationIsVisible = 0;
		};
/* End XCConfigurationList section */
	};
	rootObject = 496D5ABF1C2A9E12003E2AF0 /* Project object */;
}
